// !$*UTF8*$!
{
	archiveVersion = 1;
	classes = {
	};
	objectVersion = 46;
	objects = {

/* Begin PBXBuildFile section */
		3C000A351EE7159100BFBFEC /* main.swift in Sources */ = {isa = PBXBuildFile; fileRef = 3C000A341EE7159100BFBFEC /* main.swift */; };
		3C000A3C1EE7163B00BFBFEC /* mainmenu.swift in Sources */ = {isa = PBXBuildFile; fileRef = 3C000A3B1EE7163B00BFBFEC /* mainmenu.swift */; };
		3C000A3E1EE723B600BFBFEC /* programs.swift in Sources */ = {isa = PBXBuildFile; fileRef = 3C000A3D1EE723B600BFBFEC /* programs.swift */; };
		3C000A401EE743AB00BFBFEC /* Exit.swift in Sources */ = {isa = PBXBuildFile; fileRef = 3C000A3F1EE743AB00BFBFEC /* Exit.swift */; };
/* End PBXBuildFile section */

/* Begin PBXCopyFilesBuildPhase section */
		3C000A2F1EE7159100BFBFEC /* CopyFiles */ = {
			isa = PBXCopyFilesBuildPhase;
			buildActionMask = 2147483647;
			dstPath = /usr/share/man/man1/;
			dstSubfolderSpec = 0;
			files = (
			);
			runOnlyForDeploymentPostprocessing = 1;
		};
/* End PBXCopyFilesBuildPhase section */

/* Begin PBXFileReference section */
		3C000A311EE7159100BFBFEC /* swiftlevelonehm2 */ = {isa = PBXFileReference; explicitFileType = "compiled.mach-o.executable"; includeInIndex = 0; path = swiftlevelonehm2; sourceTree = BUILT_PRODUCTS_DIR; };
		3C000A341EE7159100BFBFEC /* main.swift */ = {isa = PBXFileReference; lastKnownFileType = sourcecode.swift; path = main.swift; sourceTree = "<group>"; };
		3C000A3B1EE7163B00BFBFEC /* mainmenu.swift */ = {isa = PBXFileReference; fileEncoding = 4; lastKnownFileType = sourcecode.swift; path = mainmenu.swift; sourceTree = "<group>"; };
		3C000A3D1EE723B600BFBFEC /* programs.swift */ = {isa = PBXFileReference; fileEncoding = 4; lastKnownFileType = sourcecode.swift; path = programs.swift; sourceTree = "<group>"; };
		3C000A3F1EE743AB00BFBFEC /* Exit.swift */ = {isa = PBXFileReference; fileEncoding = 4; lastKnownFileType = sourcecode.swift; path = Exit.swift; sourceTree = "<group>"; };
/* End PBXFileReference section */

/* Begin PBXFrameworksBuildPhase section */
		3C000A2E1EE7159100BFBFEC /* Frameworks */ = {
			isa = PBXFrameworksBuildPhase;
			buildActionMask = 2147483647;
			files = (
			);
			runOnlyForDeploymentPostprocessing = 0;
		};
/* End PBXFrameworksBuildPhase section */

/* Begin PBXGroup section */
		3C000A281EE7159100BFBFEC = {
			isa = PBXGroup;
			children = (
				3C000A331EE7159100BFBFEC /* swiftlevelonehm2 */,
				3C000A321EE7159100BFBFEC /* Products */,
			);
			sourceTree = "<group>";
		};
		3C000A321EE7159100BFBFEC /* Products */ = {
			isa = PBXGroup;
			children = (
				3C000A311EE7159100BFBFEC /* swiftlevelonehm2 */,
			);
			name = Products;
			sourceTree = "<group>";
		};
		3C000A331EE7159100BFBFEC /* swiftlevelonehm2 */ = {
			isa = PBXGroup;
			children = (
				3C000A341EE7159100BFBFEC /* main.swift */,
				3C000A3F1EE743AB00BFBFEC /* Exit.swift */,
				3C000A3B1EE7163B00BFBFEC /* mainmenu.swift */,
				3C000A3D1EE723B600BFBFEC /* programs.swift */,
			);
			path = swiftlevelonehm2;
			sourceTree = "<group>";
		};
/* End PBXGroup section */

/* Begin PBXNativeTarget section */
		3C000A301EE7159100BFBFEC /* swiftlevelonehm2 */ = {
			isa = PBXNativeTarget;
			buildConfigurationList = 3C000A381EE7159100BFBFEC /* Build configuration list for PBXNativeTarget "swiftlevelonehm2" */;
			buildPhases = (
				3C000A2D1EE7159100BFBFEC /* Sources */,
				3C000A2E1EE7159100BFBFEC /* Frameworks */,
				3C000A2F1EE7159100BFBFEC /* CopyFiles */,
			);
			buildRules = (
			);
			dependencies = (
			);
			name = swiftlevelonehm2;
			productName = swiftlevelonehm2;
			productReference = 3C000A311EE7159100BFBFEC /* swiftlevelonehm2 */;
			productType = "com.apple.product-type.tool";
		};
/* End PBXNativeTarget section */

/* Begin PBXProject section */
		3C000A291EE7159100BFBFEC /* Project object */ = {
			isa = PBXProject;
			attributes = {
				LastSwiftUpdateCheck = 0830;
				LastUpgradeCheck = 0900;
				ORGANIZATIONNAME = "Александр Ломтев";
				TargetAttributes = {
					3C000A301EE7159100BFBFEC = {
						CreatedOnToolsVersion = 8.3.2;
						LastSwiftMigration = 0900;
						ProvisioningStyle = Automatic;
					};
				};
			};
			buildConfigurationList = 3C000A2C1EE7159100BFBFEC /* Build configuration list for PBXProject "swiftlevelonehm2" */;
			compatibilityVersion = "Xcode 3.2";
			developmentRegion = English;
			hasScannedForEncodings = 0;
			knownRegions = (
				en,
			);
			mainGroup = 3C000A281EE7159100BFBFEC;
			productRefGroup = 3C000A321EE7159100BFBFEC /* Products */;
			projectDirPath = "";
			projectRoot = "";
			targets = (
				3C000A301EE7159100BFBFEC /* swiftlevelonehm2 */,
			);
		};
/* End PBXProject section */

/* Begin PBXSourcesBuildPhase section */
		3C000A2D1EE7159100BFBFEC /* Sources */ = {
			isa = PBXSourcesBuildPhase;
			buildActionMask = 2147483647;
			files = (
				3C000A351EE7159100BFBFEC /* main.swift in Sources */,
				3C000A3E1EE723B600BFBFEC /* programs.swift in Sources */,
				3C000A3C1EE7163B00BFBFEC /* mainmenu.swift in Sources */,
				3C000A401EE743AB00BFBFEC /* Exit.swift in Sources */,
			);
			runOnlyForDeploymentPostprocessing = 0;
		};
/* End PBXSourcesBuildPhase section */

/* Begin XCBuildConfiguration section */
		3C000A361EE7159100BFBFEC /* Debug */ = {
			isa = XCBuildConfiguration;
			buildSettings = {
				ALWAYS_SEARCH_USER_PATHS = NO;
				CLANG_ANALYZER_NONNULL = YES;
				CLANG_ANALYZER_NUMBER_OBJECT_CONVERSION = YES_AGGRESSIVE;
				CLANG_CXX_LANGUAGE_STANDARD = "gnu++0x";
				CLANG_CXX_LIBRARY = "libc++";
				CLANG_ENABLE_MODULES = YES;
				CLANG_ENABLE_OBJC_ARC = YES;
				CLANG_WARN_BLOCK_CAPTURE_AUTORELEASING = YES;
				CLANG_WARN_BOOL_CONVERSION = YES;
				CLANG_WARN_COMMA = YES;
				CLANG_WARN_CONSTANT_CONVERSION = YES;
				CLANG_WARN_DIRECT_OBJC_ISA_USAGE = YES_ERROR;
				CLANG_WARN_DOCUMENTATION_COMMENTS = YES;
				CLANG_WARN_EMPTY_BODY = YES;
				CLANG_WARN_ENUM_CONVERSION = YES;
				CLANG_WARN_INFINITE_RECURSION = YES;
				CLANG_WARN_INT_CONVERSION = YES;
				CLANG_WARN_NON_LITERAL_NULL_CONVERSION = YES;
				CLANG_WARN_OBJC_LITERAL_CONVERSION = YES;
				CLANG_WARN_OBJC_ROOT_CLASS = YES_ERROR;
				CLANG_WARN_RANGE_LOOP_ANALYSIS = YES;
				CLANG_WARN_STRICT_PROTOTYPES = YES;
				CLANG_WARN_SUSPICIOUS_MOVE = YES;
				CLANG_WARN_UNREACHABLE_CODE = YES;
				CLANG_WARN__DUPLICATE_METHOD_MATCH = YES;
				CODE_SIGN_IDENTITY = "-";
				COPY_PHASE_STRIP = NO;
				DEBUG_INFORMATION_FORMAT = dwarf;
				ENABLE_STRICT_OBJC_MSGSEND = YES;
				ENABLE_TESTABILITY = YES;
				GCC_C_LANGUAGE_STANDARD = gnu99;
				GCC_DYNAMIC_NO_PIC = NO;
				GCC_NO_COMMON_BLOCKS = YES;
				GCC_OPTIMIZATION_LEVEL = 0;
				GCC_PREPROCESSOR_DEFINITIONS = (
					"DEBUG=1",
					"$(inherited)",
				);
				GCC_WARN_64_TO_32_BIT_CONVERSION = YES;
				GCC_WARN_ABOUT_RETURN_TYPE = YES_ERROR;
				GCC_WARN_UNDECLARED_SELECTOR = YES;
				GCC_WARN_UNINITIALIZED_AUTOS = YES_AGGRESSIVE;
				GCC_WARN_UNUSED_FUNCTION = YES;
				GCC_WARN_UNUSED_VARIABLE = YES;
				MACOSX_DEPLOYMENT_TARGET = 10.12;
				MTL_ENABLE_DEBUG_INFO = YES;
				ONLY_ACTIVE_ARCH = YES;
				SDKROOT = macosx;
				SWIFT_OPTIMIZATION_LEVEL = "-Onone";
			};
			name = Debug;
		};
		3C000A371EE7159100BFBFEC /* Release */ = {
			isa = XCBuildConfiguration;
			buildSettings = {
				ALWAYS_SEARCH_USER_PATHS = NO;
				CLANG_ANALYZER_NONNULL = YES;
				CLANG_ANALYZER_NUMBER_OBJECT_CONVERSION = YES_AGGRESSIVE;
				CLANG_CXX_LANGUAGE_STANDARD = "gnu++0x";
				CLANG_CXX_LIBRARY = "libc++";
				CLANG_ENABLE_MODULES = YES;
				CLANG_ENABLE_OBJC_ARC = YES;
				CLANG_WARN_BLOCK_CAPTURE_AUTORELEASING = YES;
				CLANG_WARN_BOOL_CONVERSION = YES;
				CLANG_WARN_COMMA = YES;
				CLANG_WARN_CONSTANT_CONVERSION = YES;
				CLANG_WARN_DIRECT_OBJC_ISA_USAGE = YES_ERROR;
				CLANG_WARN_DOCUMENTATION_COMMENTS = YES;
				CLANG_WARN_EMPTY_BODY = YES;
				CLANG_WARN_ENUM_CONVERSION = YES;
				CLANG_WARN_INFINITE_RECURSION = YES;
				CLANG_WARN_INT_CONVERSION = YES;
				CLANG_WARN_NON_LITERAL_NULL_CONVERSION = YES;
				CLANG_WARN_OBJC_LITERAL_CONVERSION = YES;
				CLANG_WARN_OBJC_ROOT_CLASS = YES_ERROR;
				CLANG_WARN_RANGE_LOOP_ANALYSIS = YES;
				CLANG_WARN_STRICT_PROTOTYPES = YES;
				CLANG_WARN_SUSPICIOUS_MOVE = YES;
				CLANG_WARN_UNREACHABLE_CODE = YES;
				CLANG_WARN__DUPLICATE_METHOD_MATCH = YES;
				CODE_SIGN_IDENTITY = "-";
				COPY_PHASE_STRIP = NO;
				DEBUG_INFORMATION_FORMAT = "dwarf-with-dsym";
				ENABLE_NS_ASSERTIONS = NO;
				ENABLE_STRICT_OBJC_MSGSEND = YES;
				GCC_C_LANGUAGE_STANDARD = gnu99;
				GCC_NO_COMMON_BLOCKS = YES;
				GCC_WARN_64_TO_32_BIT_CONVERSION = YES;
				GCC_WARN_ABOUT_RETURN_TYPE = YES_ERROR;
				GCC_WARN_UNDECLARED_SELECTOR = YES;
				GCC_WARN_UNINITIALIZED_AUTOS = YES_AGGRESSIVE;
				GCC_WARN_UNUSED_FUNCTION = YES;
				GCC_WARN_UNUSED_VARIABLE = YES;
				MACOSX_DEPLOYMENT_TARGET = 10.12;
				MTL_ENABLE_DEBUG_INFO = NO;
				SDKROOT = macosx;
				SWIFT_OPTIMIZATION_LEVEL = "-Owholemodule";
			};
			name = Release;
		};
		3C000A391EE7159100BFBFEC /* Debug */ = {
			isa = XCBuildConfiguration;
			buildSettings = {
				PRODUCT_NAME = "$(TARGET_NAME)";
				SWIFT_VERSION = 4.0;
			};
			name = Debug;
		};
		3C000A3A1EE7159100BFBFEC /* Release */ = {
			isa = XCBuildConfiguration;
			buildSettings = {
				PRODUCT_NAME = "$(TARGET_NAME)";
				SWIFT_VERSION = 4.0;
			};
			name = Release;
		};
/* End XCBuildConfiguration section */

/* Begin XCConfigurationList section */
		3C000A2C1EE7159100BFBFEC /* Build configuration list for PBXProject "swiftlevelonehm2" */ = {
			isa = XCConfigurationList;
			buildConfigurations = (
				3C000A361EE7159100BFBFEC /* Debug */,
				3C000A371EE7159100BFBFEC /* Release */,
			);
			defaultConfigurationIsVisible = 0;
			defaultConfigurationName = Release;
		};
		3C000A381EE7159100BFBFEC /* Build configuration list for PBXNativeTarget "swiftlevelonehm2" */ = {
			isa = XCConfigurationList;
			buildConfigurations = (
				3C000A391EE7159100BFBFEC /* Debug */,
				3C000A3A1EE7159100BFBFEC /* Release */,
			);
			defaultConfigurationIsVisible = 0;
			defaultConfigurationName = Release;
		};
/* End XCConfigurationList section */
	};
	rootObject = 3C000A291EE7159100BFBFEC /* Project object */;
}
